
Microsoft Visual Studio Solution File, Format Version 12.00
# Visual Studio Version 16
VisualStudioVersion = 16.0.32002.261
MinimumVisualStudioVersion = 10.0.40219.1
Project("{FAE04EC0-301F-11D3-BF4B-00C04F79EFBC}") = "Curso.API", "Curso.API\Curso.API.csproj", "{56EA53AD-1AC6-4973-BC49-9F8A1AA99C17}"
EndProject
Global
	GlobalSection(SolutionConfigurationPlatforms) = preSolution
		Debug|Any CPU = Debug|Any CPU
		Release|Any CPU = Release|Any CPU
	EndGlobalSection
	GlobalSection(ProjectConfigurationPlatforms) = postSolution
		{56EA53AD-1AC6-4973-BC49-9F8A1AA99C17}.Debug|Any CPU.ActiveCfg = Debug|Any CPU
		{56EA53AD-1AC6-4973-BC49-9F8A1AA99C17}.Debug|Any CPU.Build.0 = Debug|Any CPU
		{56EA53AD-1AC6-4973-BC49-9F8A1AA99C17}.Release|Any CPU.ActiveCfg = Release|Any CPU
		{56EA53AD-1AC6-4973-BC49-9F8A1AA99C17}.Release|Any CPU.Build.0 = Release|Any CPU
	EndGlobalSection
	GlobalSection(SolutionProperties) = preSolution
		HideSolutionNode = FALSE
	EndGlobalSection
	GlobalSection(ExtensibilityGlobals) = postSolution
		SolutionGuid = {EC6B8C04-3DB9-4C07-9DCB-D59E2A95D692}
	EndGlobalSection
EndGlobal
